
Microsoft Visual Studio Solution File, Format Version 12.00
# Visual Studio 15
VisualStudioVersion = 15.0.28010.2019
MinimumVisualStudioVersion = 10.0.40219.1
Project("{FAE04EC0-301F-11D3-BF4B-00C04F79EFBC}") = "CMP1124M Assignment 2", "CMP1124M Assignment 2\CMP1124M Assignment 2.csproj", "{4A2FB5B3-30CC-4E96-AEBE-FBE201F3EDBB}"
EndProject
Global
	GlobalSection(SolutionConfigurationPlatforms) = preSolution
		Debug|Any CPU = Debug|Any CPU
		Release|Any CPU = Release|Any CPU
	EndGlobalSection
	GlobalSection(ProjectConfigurationPlatforms) = postSolution
		{4A2FB5B3-30CC-4E96-AEBE-FBE201F3EDBB}.Debug|Any CPU.ActiveCfg = Debug|Any CPU
		{4A2FB5B3-30CC-4E96-AEBE-FBE201F3EDBB}.Debug|Any CPU.Build.0 = Debug|Any CPU
		{4A2FB5B3-30CC-4E96-AEBE-FBE201F3EDBB}.Release|Any CPU.ActiveCfg = Release|Any CPU
		{4A2FB5B3-30CC-4E96-AEBE-FBE201F3EDBB}.Release|Any CPU.Build.0 = Release|Any CPU
	EndGlobalSection
	GlobalSection(SolutionProperties) = preSolution
		HideSolutionNode = FALSE
	EndGlobalSection
	GlobalSection(ExtensibilityGlobals) = postSolution
		SolutionGuid = {740F4ECB-70F2-46F3-A2E8-BCE772810139}
	EndGlobalSection
EndGlobal
